
Microsoft Visual Studio Solution File, Format Version 12.00
# Visual Studio 15
VisualStudioVersion = 15.0.28307.779
MinimumVisualStudioVersion = 10.0.40219.1
Project("{FAE04EC0-301F-11D3-BF4B-00C04F79EFBC}") = "MagicEightBallServiceLib", "MagicEightBallServiceLib\MagicEightBallServiceLib.csproj", "{29513164-0B39-437B-A798-3F860CF03672}"
EndProject
Global
	GlobalSection(SolutionConfigurationPlatforms) = preSolution
		Debug|Any CPU = Debug|Any CPU
		Release|Any CPU = Release|Any CPU
	EndGlobalSection
	GlobalSection(ProjectConfigurationPlatforms) = postSolution
		{29513164-0B39-437B-A798-3F860CF03672}.Debug|Any CPU.ActiveCfg = Debug|Any CPU
		{29513164-0B39-437B-A798-3F860CF03672}.Debug|Any CPU.Build.0 = Debug|Any CPU
		{29513164-0B39-437B-A798-3F860CF03672}.Release|Any CPU.ActiveCfg = Release|Any CPU
		{29513164-0B39-437B-A798-3F860CF03672}.Release|Any CPU.Build.0 = Release|Any CPU
	EndGlobalSection
	GlobalSection(SolutionProperties) = preSolution
		HideSolutionNode = FALSE
	EndGlobalSection
	GlobalSection(ExtensibilityGlobals) = postSolution
		SolutionGuid = {63302BA3-5DD4-4C97-8200-3C1F822F933E}
	EndGlobalSection
EndGlobal
